{
  "name": "hk-homework-check",
  "lockfileVersion": 3,
  "requires": true,
  "packages": {
    "": {
      "name": "hk-homework-check",
      "dependencies": {
        "@cf-wasm/photon": "^0.4.0"
      }
    },
    "node_modules/@cf-wasm/internals": {
      "version": "0.2.0",
      "resolved": "https://registry.npmjs.org/@cf-wasm/internals/-/internals-0.2.0.tgz",
      "integrity": "sha512-QwMNETkTCtrx0uCzjJPRCTyok0OZNvOry9alfG8a8TpHo7oPJ17htPMDG4ptudpwe9F0VtJHy9+nOzJmupteiQ==",
      "license": "MIT"
    },
    "node_modules/@cf-wasm/photon": {
      "version": "0.4.0",
      "resolved": "https://registry.npmjs.org/@cf-wasm/photon/-/photon-0.4.0.tgz",
      "integrity": "sha512-PQcN6sThZAR/V6SH2MQmeFndDDhGfOxvra6UStyaBbkDHrgTPKvB+WapAhh0/TA9LsRAUaX/rEEw6hvY9uphbQ==",
      "license": "Apache-2.0",
      "dependencies": {
        "@cf-wasm/internals": "^0.2.0"
      }
    }
  }
}
